
Microsoft Visual Studio Solution File, Format Version 12.00
# Visual Studio 15
VisualStudioVersion = 15.0.28307.705
MinimumVisualStudioVersion = 10.0.40219.1
Project("{FAE04EC0-301F-11D3-BF4B-00C04F79EFBC}") = "GHMS.UTILITY", "GHMS.UTILITY\GHMS.UTILITY.csproj", "{F7466908-0D2B-46F5-BB66-E116EC12F5EF}"
EndProject
Project("{2150E333-8FDC-42A3-9474-1A3956D46DE8}") = "Doctor", "Doctor", "{621E5D91-1ECF-485D-B8CE-EB07715FA889}"
EndProject
Project("{2150E333-8FDC-42A3-9474-1A3956D46DE8}") = "Nurse", "Nurse", "{B22BA49D-1E5D-40F2-821B-6E1A5F585AE9}"
EndProject
Project("{2150E333-8FDC-42A3-9474-1A3956D46DE8}") = "Utility", "Utility", "{993539D9-325C-4D31-98E2-2B6010E573E7}"
EndProject
Project("{FAE04EC0-301F-11D3-BF4B-00C04F79EFBC}") = "GHMS.DOCTOR", "GHMS.DOCTOR\GHMS.DOCTOR\GHMS.DOCTOR.csproj", "{3A77C211-68ED-43C4-8705-A00C2AE01179}"
EndProject
Project("{FAE04EC0-301F-11D3-BF4B-00C04F79EFBC}") = "GHMS.DOCTOR.MODEL", "GHMS.DOCTOR\GHMS.DOCTOR.MODEL\GHMS.DOCTOR.MODEL.csproj", "{D4C03EDA-B188-4612-BE72-377E50C447EA}"
EndProject
Project("{FAE04EC0-301F-11D3-BF4B-00C04F79EFBC}") = "GHMS.DOCTOR.SERVICE", "GHMS.DOCTOR\GHMS.DOCTOR.SERVICE\GHMS.DOCTOR.SERVICE.csproj", "{4A8248C7-3205-474F-B048-8F9233468C28}"
EndProject
Project("{FAE04EC0-301F-11D3-BF4B-00C04F79EFBC}") = "GHMS.NURSE", "GHMS.NURSE\GHMS.NURSE\GHMS.NURSE.csproj", "{86351E0A-5AA0-4641-8D21-0965B98A8A58}"
EndProject
Project("{FAE04EC0-301F-11D3-BF4B-00C04F79EFBC}") = "GHMS.NURSE.MODEL", "GHMS.NURSE\GHMS.NURSE.MODEL\GHMS.NURSE.MODEL.csproj", "{FC23A992-4D4A-4DA5-9218-E327C10BCCE2}"
EndProject
Project("{FAE04EC0-301F-11D3-BF4B-00C04F79EFBC}") = "GHMS.NURSE.SERVICE", "GHMS.NURSE\GHMS.NURSE.SERVICE\GHMS.NURSE.SERVICE.csproj", "{0D308E97-31AA-4E18-8E80-5C3BFB68637A}"
EndProject
Global
	GlobalSection(SolutionConfigurationPlatforms) = preSolution
		Debug|Any CPU = Debug|Any CPU
		Release|Any CPU = Release|Any CPU
	EndGlobalSection
	GlobalSection(ProjectConfigurationPlatforms) = postSolution
		{F7466908-0D2B-46F5-BB66-E116EC12F5EF}.Debug|Any CPU.ActiveCfg = Debug|Any CPU
		{F7466908-0D2B-46F5-BB66-E116EC12F5EF}.Debug|Any CPU.Build.0 = Debug|Any CPU
		{F7466908-0D2B-46F5-BB66-E116EC12F5EF}.Release|Any CPU.ActiveCfg = Release|Any CPU
		{F7466908-0D2B-46F5-BB66-E116EC12F5EF}.Release|Any CPU.Build.0 = Release|Any CPU
		{3A77C211-68ED-43C4-8705-A00C2AE01179}.Debug|Any CPU.ActiveCfg = Debug|Any CPU
		{3A77C211-68ED-43C4-8705-A00C2AE01179}.Debug|Any CPU.Build.0 = Debug|Any CPU
		{3A77C211-68ED-43C4-8705-A00C2AE01179}.Release|Any CPU.ActiveCfg = Release|Any CPU
		{3A77C211-68ED-43C4-8705-A00C2AE01179}.Release|Any CPU.Build.0 = Release|Any CPU
		{D4C03EDA-B188-4612-BE72-377E50C447EA}.Debug|Any CPU.ActiveCfg = Debug|Any CPU
		{D4C03EDA-B188-4612-BE72-377E50C447EA}.Debug|Any CPU.Build.0 = Debug|Any CPU
		{D4C03EDA-B188-4612-BE72-377E50C447EA}.Release|Any CPU.ActiveCfg = Release|Any CPU
		{D4C03EDA-B188-4612-BE72-377E50C447EA}.Release|Any CPU.Build.0 = Release|Any CPU
		{4A8248C7-3205-474F-B048-8F9233468C28}.Debug|Any CPU.ActiveCfg = Debug|Any CPU
		{4A8248C7-3205-474F-B048-8F9233468C28}.Debug|Any CPU.Build.0 = Debug|Any CPU
		{4A8248C7-3205-474F-B048-8F9233468C28}.Release|Any CPU.ActiveCfg = Release|Any CPU
		{4A8248C7-3205-474F-B048-8F9233468C28}.Release|Any CPU.Build.0 = Release|Any CPU
		{86351E0A-5AA0-4641-8D21-0965B98A8A58}.Debug|Any CPU.ActiveCfg = Debug|Any CPU
		{86351E0A-5AA0-4641-8D21-0965B98A8A58}.Debug|Any CPU.Build.0 = Debug|Any CPU
		{86351E0A-5AA0-4641-8D21-0965B98A8A58}.Release|Any CPU.ActiveCfg = Release|Any CPU
		{86351E0A-5AA0-4641-8D21-0965B98A8A58}.Release|Any CPU.Build.0 = Release|Any CPU
		{FC23A992-4D4A-4DA5-9218-E327C10BCCE2}.Debug|Any CPU.ActiveCfg = Debug|Any CPU
		{FC23A992-4D4A-4DA5-9218-E327C10BCCE2}.Debug|Any CPU.Build.0 = Debug|Any CPU
		{FC23A992-4D4A-4DA5-9218-E327C10BCCE2}.Release|Any CPU.ActiveCfg = Release|Any CPU
		{FC23A992-4D4A-4DA5-9218-E327C10BCCE2}.Release|Any CPU.Build.0 = Release|Any CPU
		{0D308E97-31AA-4E18-8E80-5C3BFB68637A}.Debug|Any CPU.ActiveCfg = Debug|Any CPU
		{0D308E97-31AA-4E18-8E80-5C3BFB68637A}.Debug|Any CPU.Build.0 = Debug|Any CPU
		{0D308E97-31AA-4E18-8E80-5C3BFB68637A}.Release|Any CPU.ActiveCfg = Release|Any CPU
		{0D308E97-31AA-4E18-8E80-5C3BFB68637A}.Release|Any CPU.Build.0 = Release|Any CPU
	EndGlobalSection
	GlobalSection(SolutionProperties) = preSolution
		HideSolutionNode = FALSE
	EndGlobalSection
	GlobalSection(NestedProjects) = preSolution
		{F7466908-0D2B-46F5-BB66-E116EC12F5EF} = {993539D9-325C-4D31-98E2-2B6010E573E7}
		{3A77C211-68ED-43C4-8705-A00C2AE01179} = {621E5D91-1ECF-485D-B8CE-EB07715FA889}
		{D4C03EDA-B188-4612-BE72-377E50C447EA} = {621E5D91-1ECF-485D-B8CE-EB07715FA889}
		{4A8248C7-3205-474F-B048-8F9233468C28} = {621E5D91-1ECF-485D-B8CE-EB07715FA889}
		{86351E0A-5AA0-4641-8D21-0965B98A8A58} = {B22BA49D-1E5D-40F2-821B-6E1A5F585AE9}
		{FC23A992-4D4A-4DA5-9218-E327C10BCCE2} = {B22BA49D-1E5D-40F2-821B-6E1A5F585AE9}
		{0D308E97-31AA-4E18-8E80-5C3BFB68637A} = {B22BA49D-1E5D-40F2-821B-6E1A5F585AE9}
	EndGlobalSection
	GlobalSection(ExtensibilityGlobals) = postSolution
		SolutionGuid = {60A8DA67-A538-46F3-A667-A55EDD8DEC5A}
	EndGlobalSection
EndGlobal
